
Microsoft Visual Studio Solution File, Format Version 12.00
# Visual Studio Version 16
VisualStudioVersion = 16.0.30611.23
MinimumVisualStudioVersion = 10.0.40219.1
Project("{FAE04EC0-301F-11D3-BF4B-00C04F79EFBC}") = "interaktiva20_7", "interaktiva20_7\interaktiva20_7.csproj", "{5487595E-C03C-4EB0-B096-70EE283AE373}"
EndProject
Global
	GlobalSection(SolutionConfigurationPlatforms) = preSolution
		Debug|Any CPU = Debug|Any CPU
		Release|Any CPU = Release|Any CPU
	EndGlobalSection
	GlobalSection(ProjectConfigurationPlatforms) = postSolution
		{5487595E-C03C-4EB0-B096-70EE283AE373}.Debug|Any CPU.ActiveCfg = Debug|Any CPU
		{5487595E-C03C-4EB0-B096-70EE283AE373}.Debug|Any CPU.Build.0 = Debug|Any CPU
		{5487595E-C03C-4EB0-B096-70EE283AE373}.Release|Any CPU.ActiveCfg = Release|Any CPU
		{5487595E-C03C-4EB0-B096-70EE283AE373}.Release|Any CPU.Build.0 = Release|Any CPU
	EndGlobalSection
	GlobalSection(SolutionProperties) = preSolution
		HideSolutionNode = FALSE
	EndGlobalSection
	GlobalSection(ExtensibilityGlobals) = postSolution
		SolutionGuid = {594F949A-648F-4386-AE33-4F84D6003F5D}
	EndGlobalSection
EndGlobal
